
Microsoft Visual Studio Solution File, Format Version 12.00
# Visual Studio Version 16
VisualStudioVersion = 16.0.30611.23
MinimumVisualStudioVersion = 10.0.40219.1
Project("{FAE04EC0-301F-11D3-BF4B-00C04F79EFBC}") = "CsharpBasic", "CsharpBasic.csproj", "{438F233F-12B1-48FC-8A44-E0500F756490}"
EndProject
Global
	GlobalSection(SolutionConfigurationPlatforms) = preSolution
		Debug|Any CPU = Debug|Any CPU
		Release|Any CPU = Release|Any CPU
	EndGlobalSection
	GlobalSection(ProjectConfigurationPlatforms) = postSolution
		{438F233F-12B1-48FC-8A44-E0500F756490}.Debug|Any CPU.ActiveCfg = Debug|Any CPU
		{438F233F-12B1-48FC-8A44-E0500F756490}.Debug|Any CPU.Build.0 = Debug|Any CPU
		{438F233F-12B1-48FC-8A44-E0500F756490}.Release|Any CPU.ActiveCfg = Release|Any CPU
		{438F233F-12B1-48FC-8A44-E0500F756490}.Release|Any CPU.Build.0 = Release|Any CPU
	EndGlobalSection
	GlobalSection(SolutionProperties) = preSolution
		HideSolutionNode = FALSE
	EndGlobalSection
	GlobalSection(ExtensibilityGlobals) = postSolution
		SolutionGuid = {18A0E24B-B4EF-4319-B476-9A9D80C80F57}
	EndGlobalSection
EndGlobal
